
Microsoft Visual Studio Solution File, Format Version 12.00
# Visual Studio Version 16
VisualStudioVersion = 16.0.31829.152
MinimumVisualStudioVersion = 10.0.40219.1
Project("{FAE04EC0-301F-11D3-BF4B-00C04F79EFBC}") = "ClothingStore", "ClothingStore\ClothingStore.csproj", "{0B77A994-AF66-45E5-BE95-BA26AC1C4ED5}"
EndProject
Project("{FAE04EC0-301F-11D3-BF4B-00C04F79EFBC}") = "DataAccess", "DataAccess\DataAccess.csproj", "{5BD2DD13-3BBB-4D5B-972B-00C313797A81}"
EndProject
Global
	GlobalSection(SolutionConfigurationPlatforms) = preSolution
		Debug|Any CPU = Debug|Any CPU
		Release|Any CPU = Release|Any CPU
	EndGlobalSection
	GlobalSection(ProjectConfigurationPlatforms) = postSolution
		{0B77A994-AF66-45E5-BE95-BA26AC1C4ED5}.Debug|Any CPU.ActiveCfg = Debug|Any CPU
		{0B77A994-AF66-45E5-BE95-BA26AC1C4ED5}.Debug|Any CPU.Build.0 = Debug|Any CPU
		{0B77A994-AF66-45E5-BE95-BA26AC1C4ED5}.Release|Any CPU.ActiveCfg = Release|Any CPU
		{0B77A994-AF66-45E5-BE95-BA26AC1C4ED5}.Release|Any CPU.Build.0 = Release|Any CPU
		{5BD2DD13-3BBB-4D5B-972B-00C313797A81}.Debug|Any CPU.ActiveCfg = Debug|Any CPU
		{5BD2DD13-3BBB-4D5B-972B-00C313797A81}.Debug|Any CPU.Build.0 = Debug|Any CPU
		{5BD2DD13-3BBB-4D5B-972B-00C313797A81}.Release|Any CPU.ActiveCfg = Release|Any CPU
		{5BD2DD13-3BBB-4D5B-972B-00C313797A81}.Release|Any CPU.Build.0 = Release|Any CPU
	EndGlobalSection
	GlobalSection(SolutionProperties) = preSolution
		HideSolutionNode = FALSE
	EndGlobalSection
	GlobalSection(ExtensibilityGlobals) = postSolution
		SolutionGuid = {D181CC11-87DF-4F65-B141-2C429480D54E}
	EndGlobalSection
EndGlobal
